// !$*UTF8*$!
{
	archiveVersion = 1;
	classes = {
	};
	objectVersion = 46;
	objects = {

/* Begin PBXBuildFile section */
		D0FE7F501EDEFC91003E0162 /* main.m in Sources */ = {isa = PBXBuildFile; fileRef = D0FE7F4F1EDEFC91003E0162 /* main.m */; };
		D0FE7F531EDEFC91003E0162 /* AppDelegate.m in Sources */ = {isa = PBXBuildFile; fileRef = D0FE7F521EDEFC91003E0162 /* AppDelegate.m */; };
		D0FE7F561EDEFC91003E0162 /* ViewController.m in Sources */ = {isa = PBXBuildFile; fileRef = D0FE7F551EDEFC91003E0162 /* ViewController.m */; };
		D0FE7F591EDEFC91003E0162 /* Main.storyboard in Resources */ = {isa = PBXBuildFile; fileRef = D0FE7F571EDEFC91003E0162 /* Main.storyboard */; };
		D0FE7F5B1EDEFC91003E0162 /* Assets.xcassets in Resources */ = {isa = PBXBuildFile; fileRef = D0FE7F5A1EDEFC91003E0162 /* Assets.xcassets */; };
		D0FE7F5E1EDEFC91003E0162 /* LaunchScreen.storyboard in Resources */ = {isa = PBXBuildFile; fileRef = D0FE7F5C1EDEFC91003E0162 /* LaunchScreen.storyboard */; };
		D0FE7F691EDEFC91003E0162 /* CopyAndMutableCopyTests.m in Sources */ = {isa = PBXBuildFile; fileRef = D0FE7F681EDEFC91003E0162 /* CopyAndMutableCopyTests.m */; };
		D0FE7F741EDEFC91003E0162 /* CopyAndMutableCopyUITests.m in Sources */ = {isa = PBXBuildFile; fileRef = D0FE7F731EDEFC91003E0162 /* CopyAndMutableCopyUITests.m */; };
		D0FE7F831EDF085C003E0162 /* Person.m in Sources */ = {isa = PBXBuildFile; fileRef = D0FE7F821EDF085C003E0162 /* Person.m */; };
/* End PBXBuildFile section */

/* Begin PBXContainerItemProxy section */
		D0FE7F651EDEFC91003E0162 /* PBXContainerItemProxy */ = {
			isa = PBXContainerItemProxy;
			containerPortal = D0FE7F431EDEFC91003E0162 /* Project object */;
			proxyType = 1;
			remoteGlobalIDString = D0FE7F4A1EDEFC91003E0162;
			remoteInfo = CopyAndMutableCopy;
		};
		D0FE7F701EDEFC91003E0162 /* PBXContainerItemProxy */ = {
			isa = PBXContainerItemProxy;
			containerPortal = D0FE7F431EDEFC91003E0162 /* Project object */;
			proxyType = 1;
			remoteGlobalIDString = D0FE7F4A1EDEFC91003E0162;
			remoteInfo = CopyAndMutableCopy;
		};
/* End PBXContainerItemProxy section */

/* Begin PBXFileReference section */
		D0FE7F4B1EDEFC91003E0162 /* CopyAndMutableCopy.app */ = {isa = PBXFileReference; explicitFileType = wrapper.application; includeInIndex = 0; path = CopyAndMutableCopy.app; sourceTree = BUILT_PRODUCTS_DIR; };
		D0FE7F4F1EDEFC91003E0162 /* main.m */ = {isa = PBXFileReference; lastKnownFileType = sourcecode.c.objc; path = main.m; sourceTree = "<group>"; };
		D0FE7F511EDEFC91003E0162 /* AppDelegate.h */ = {isa = PBXFileReference; lastKnownFileType = sourcecode.c.h; path = AppDelegate.h; sourceTree = "<group>"; };
		D0FE7F521EDEFC91003E0162 /* AppDelegate.m */ = {isa = PBXFileReference; lastKnownFileType = sourcecode.c.objc; path = AppDelegate.m; sourceTree = "<group>"; };
		D0FE7F541EDEFC91003E0162 /* ViewController.h */ = {isa = PBXFileReference; lastKnownFileType = sourcecode.c.h; path = ViewController.h; sourceTree = "<group>"; };
		D0FE7F551EDEFC91003E0162 /* ViewController.m */ = {isa = PBXFileReference; lastKnownFileType = sourcecode.c.objc; path = ViewController.m; sourceTree = "<group>"; };
		D0FE7F581EDEFC91003E0162 /* Base */ = {isa = PBXFileReference; lastKnownFileType = file.storyboard; name = Base; path = Base.lproj/Main.storyboard; sourceTree = "<group>"; };
		D0FE7F5A1EDEFC91003E0162 /* Assets.xcassets */ = {isa = PBXFileReference; lastKnownFileType = folder.assetcatalog; path = Assets.xcassets; sourceTree = "<group>"; };
		D0FE7F5D1EDEFC91003E0162 /* Base */ = {isa = PBXFileReference; lastKnownFileType = file.storyboard; name = Base; path = Base.lproj/LaunchScreen.storyboard; sourceTree = "<group>"; };
		D0FE7F5F1EDEFC91003E0162 /* Info.plist */ = {isa = PBXFileReference; lastKnownFileType = text.plist.xml; path = Info.plist; sourceTree = "<group>"; };
		D0FE7F641EDEFC91003E0162 /* CopyAndMutableCopyTests.xctest */ = {isa = PBXFileReference; explicitFileType = wrapper.cfbundle; includeInIndex = 0; path = CopyAndMutableCopyTests.xctest; sourceTree = BUILT_PRODUCTS_DIR; };
		D0FE7F681EDEFC91003E0162 /* CopyAndMutableCopyTests.m */ = {isa = PBXFileReference; lastKnownFileType = sourcecode.c.objc; path = CopyAndMutableCopyTests.m; sourceTree = "<group>"; };
		D0FE7F6A1EDEFC91003E0162 /* Info.plist */ = {isa = PBXFileReference; lastKnownFileType = text.plist.xml; path = Info.plist; sourceTree = "<group>"; };
		D0FE7F6F1EDEFC91003E0162 /* CopyAndMutableCopyUITests.xctest */ = {isa = PBXFileReference; explicitFileType = wrapper.cfbundle; includeInIndex = 0; path = CopyAndMutableCopyUITests.xctest; sourceTree = BUILT_PRODUCTS_DIR; };
		D0FE7F731EDEFC91003E0162 /* CopyAndMutableCopyUITests.m */ = {isa = PBXFileReference; lastKnownFileType = sourcecode.c.objc; path = CopyAndMutableCopyUITests.m; sourceTree = "<group>"; };
		D0FE7F751EDEFC91003E0162 /* Info.plist */ = {isa = PBXFileReference; lastKnownFileType = text.plist.xml; path = Info.plist; sourceTree = "<group>"; };
		D0FE7F811EDF085C003E0162 /* Person.h */ = {isa = PBXFileReference; fileEncoding = 4; lastKnownFileType = sourcecode.c.h; path = Person.h; sourceTree = "<group>"; };
		D0FE7F821EDF085C003E0162 /* Person.m */ = {isa = PBXFileReference; fileEncoding = 4; lastKnownFileType = sourcecode.c.objc; path = Person.m; sourceTree = "<group>"; };
/* End PBXFileReference section */

/* Begin PBXFrameworksBuildPhase section */
		D0FE7F481EDEFC91003E0162 /* Frameworks */ = {
			isa = PBXFrameworksBuildPhase;
			buildActionMask = 2147483647;
			files = (
			);
			runOnlyForDeploymentPostprocessing = 0;
		};
		D0FE7F611EDEFC91003E0162 /* Frameworks */ = {
			isa = PBXFrameworksBuildPhase;
			buildActionMask = 2147483647;
			files = (
			);
			runOnlyForDeploymentPostprocessing = 0;
		};
		D0FE7F6C1EDEFC91003E0162 /* Frameworks */ = {
			isa = PBXFrameworksBuildPhase;
			buildActionMask = 2147483647;
			files = (
			);
			runOnlyForDeploymentPostprocessing = 0;
		};
/* End PBXFrameworksBuildPhase section */

/* Begin PBXGroup section */
		D0FE7F421EDEFC91003E0162 = {
			isa = PBXGroup;
			children = (
				D0FE7F4D1EDEFC91003E0162 /* CopyAndMutableCopy */,
				D0FE7F671EDEFC91003E0162 /* CopyAndMutableCopyTests */,
				D0FE7F721EDEFC91003E0162 /* CopyAndMutableCopyUITests */,
				D0FE7F4C1EDEFC91003E0162 /* Products */,
			);
			sourceTree = "<group>";
		};
		D0FE7F4C1EDEFC91003E0162 /* Products */ = {
			isa = PBXGroup;
			children = (
				D0FE7F4B1EDEFC91003E0162 /* CopyAndMutableCopy.app */,
				D0FE7F641EDEFC91003E0162 /* CopyAndMutableCopyTests.xctest */,
				D0FE7F6F1EDEFC91003E0162 /* CopyAndMutableCopyUITests.xctest */,
			);
			name = Products;
			sourceTree = "<group>";
		};
		D0FE7F4D1EDEFC91003E0162 /* CopyAndMutableCopy */ = {
			isa = PBXGroup;
			children = (
				D0FE7F511EDEFC91003E0162 /* AppDelegate.h */,
				D0FE7F521EDEFC91003E0162 /* AppDelegate.m */,
				D0FE7F541EDEFC91003E0162 /* ViewController.h */,
				D0FE7F551EDEFC91003E0162 /* ViewController.m */,
				D0FE7F811EDF085C003E0162 /* Person.h */,
				D0FE7F821EDF085C003E0162 /* Person.m */,
				D0FE7F571EDEFC91003E0162 /* Main.storyboard */,
				D0FE7F5A1EDEFC91003E0162 /* Assets.xcassets */,
				D0FE7F5C1EDEFC91003E0162 /* LaunchScreen.storyboard */,
				D0FE7F5F1EDEFC91003E0162 /* Info.plist */,
				D0FE7F4E1EDEFC91003E0162 /* Supporting Files */,
			);
			path = CopyAndMutableCopy;
			sourceTree = "<group>";
		};
		D0FE7F4E1EDEFC91003E0162 /* Supporting Files */ = {
			isa = PBXGroup;
			children = (
				D0FE7F4F1EDEFC91003E0162 /* main.m */,
			);
			name = "Supporting Files";
			sourceTree = "<group>";
		};
		D0FE7F671EDEFC91003E0162 /* CopyAndMutableCopyTests */ = {
			isa = PBXGroup;
			children = (
				D0FE7F681EDEFC91003E0162 /* CopyAndMutableCopyTests.m */,
				D0FE7F6A1EDEFC91003E0162 /* Info.plist */,
			);
			path = CopyAndMutableCopyTests;
			sourceTree = "<group>";
		};
		D0FE7F721EDEFC91003E0162 /* CopyAndMutableCopyUITests */ = {
			isa = PBXGroup;
			children = (
				D0FE7F731EDEFC91003E0162 /* CopyAndMutableCopyUITests.m */,
				D0FE7F751EDEFC91003E0162 /* Info.plist */,
			);
			path = CopyAndMutableCopyUITests;
			sourceTree = "<group>";
		};
/* End PBXGroup section */

/* Begin PBXNativeTarget section */
		D0FE7F4A1EDEFC91003E0162 /* CopyAndMutableCopy */ = {
			isa = PBXNativeTarget;
			buildConfigurationList = D0FE7F781EDEFC91003E0162 /* Build configuration list for PBXNativeTarget "CopyAndMutableCopy" */;
			buildPhases = (
				D0FE7F471EDEFC91003E0162 /* Sources */,
				D0FE7F481EDEFC91003E0162 /* Frameworks */,
				D0FE7F491EDEFC91003E0162 /* Resources */,
			);
			buildRules = (
			);
			dependencies = (
			);
			name = CopyAndMutableCopy;
			productName = CopyAndMutableCopy;
			productReference = D0FE7F4B1EDEFC91003E0162 /* CopyAndMutableCopy.app */;
			productType = "com.apple.product-type.application";
		};
		D0FE7F631EDEFC91003E0162 /* CopyAndMutableCopyTests */ = {
			isa = PBXNativeTarget;
			buildConfigurationList = D0FE7F7B1EDEFC91003E0162 /* Build configuration list for PBXNativeTarget "CopyAndMutableCopyTests" */;
			buildPhases = (
				D0FE7F601EDEFC91003E0162 /* Sources */,
				D0FE7F611EDEFC91003E0162 /* Frameworks */,
				D0FE7F621EDEFC91003E0162 /* Resources */,
			);
			buildRules = (
			);
			dependencies = (
				D0FE7F661EDEFC91003E0162 /* PBXTargetDependency */,
			);
			name = CopyAndMutableCopyTests;
			productName = CopyAndMutableCopyTests;
			productReference = D0FE7F641EDEFC91003E0162 /* CopyAndMutableCopyTests.xctest */;
			productType = "com.apple.product-type.bundle.unit-test";
		};
		D0FE7F6E1EDEFC91003E0162 /* CopyAndMutableCopyUITests */ = {
			isa = PBXNativeTarget;
			buildConfigurationList = D0FE7F7E1EDEFC91003E0162 /* Build configuration list for PBXNativeTarget "CopyAndMutableCopyUITests" */;
			buildPhases = (
				D0FE7F6B1EDEFC91003E0162 /* Sources */,
				D0FE7F6C1EDEFC91003E0162 /* Frameworks */,
				D0FE7F6D1EDEFC91003E0162 /* Resources */,
			);
			buildRules = (
			);
			dependencies = (
				D0FE7F711EDEFC91003E0162 /* PBXTargetDependency */,
			);
			name = CopyAndMutableCopyUITests;
			productName = CopyAndMutableCopyUITests;
			productReference = D0FE7F6F1EDEFC91003E0162 /* CopyAndMutableCopyUITests.xctest */;
			productType = "com.apple.product-type.bundle.ui-testing";
		};
/* End PBXNativeTarget section */

/* Begin PBXProject section */
		D0FE7F431EDEFC91003E0162 /* Project object */ = {
			isa = PBXProject;
			attributes = {
				LastUpgradeCheck = 0830;
				ORGANIZATIONNAME = sw;
				TargetAttributes = {
					D0FE7F4A1EDEFC91003E0162 = {
						CreatedOnToolsVersion = 8.3.2;
						DevelopmentTeam = BHMTDV8FP6;
						ProvisioningStyle = Automatic;
					};
					D0FE7F631EDEFC91003E0162 = {
						CreatedOnToolsVersion = 8.3.2;
						DevelopmentTeam = BHMTDV8FP6;
						ProvisioningStyle = Automatic;
						TestTargetID = D0FE7F4A1EDEFC91003E0162;
					};
					D0FE7F6E1EDEFC91003E0162 = {
						CreatedOnToolsVersion = 8.3.2;
						DevelopmentTeam = BHMTDV8FP6;
						ProvisioningStyle = Automatic;
						TestTargetID = D0FE7F4A1EDEFC91003E0162;
					};
				};
			};
			buildConfigurationList = D0FE7F461EDEFC91003E0162 /* Build configuration list for PBXProject "CopyAndMutableCopy" */;
			compatibilityVersion = "Xcode 3.2";
			developmentRegion = English;
			hasScannedForEncodings = 0;
			knownRegions = (
				en,
				Base,
			);
			mainGroup = D0FE7F421EDEFC91003E0162;
			productRefGroup = D0FE7F4C1EDEFC91003E0162 /* Products */;
			projectDirPath = "";
			projectRoot = "";
			targets = (
				D0FE7F4A1EDEFC91003E0162 /* CopyAndMutableCopy */,
				D0FE7F631EDEFC91003E0162 /* CopyAndMutableCopyTests */,
				D0FE7F6E1EDEFC91003E0162 /* CopyAndMutableCopyUITests */,
			);
		};
/* End PBXProject section */

/* Begin PBXResourcesBuildPhase section */
		D0FE7F491EDEFC91003E0162 /* Resources */ = {
			isa = PBXResourcesBuildPhase;
			buildActionMask = 2147483647;
			files = (
				D0FE7F5E1EDEFC91003E0162 /* LaunchScreen.storyboard in Resources */,
				D0FE7F5B1EDEFC91003E0162 /* Assets.xcassets in Resources */,
				D0FE7F591EDEFC91003E0162 /* Main.storyboard in Resources */,
			);
			runOnlyForDeploymentPostprocessing = 0;
		};
		D0FE7F621EDEFC91003E0162 /* Resources */ = {
			isa = PBXResourcesBuildPhase;
			buildActionMask = 2147483647;
			files = (
			);
			runOnlyForDeploymentPostprocessing = 0;
		};
		D0FE7F6D1EDEFC91003E0162 /* Resources */ = {
			isa = PBXResourcesBuildPhase;
			buildActionMask = 2147483647;
			files = (
			);
			runOnlyForDeploymentPostprocessing = 0;
		};
/* End PBXResourcesBuildPhase section */

/* Begin PBXSourcesBuildPhase section */
		D0FE7F471EDEFC91003E0162 /* Sources */ = {
			isa = PBXSourcesBuildPhase;
			buildActionMask = 2147483647;
			files = (
				D0FE7F561EDEFC91003E0162 /* ViewController.m in Sources */,
				D0FE7F531EDEFC91003E0162 /* AppDelegate.m in Sources */,
				D0FE7F831EDF085C003E0162 /* Person.m in Sources */,
				D0FE7F501EDEFC91003E0162 /* main.m in Sources */,
			);
			runOnlyForDeploymentPostprocessing = 0;
		};
		D0FE7F601EDEFC91003E0162 /* Sources */ = {
			isa = PBXSourcesBuildPhase;
			buildActionMask = 2147483647;
			files = (
				D0FE7F691EDEFC91003E0162 /* CopyAndMutableCopyTests.m in Sources */,
			);
			runOnlyForDeploymentPostprocessing = 0;
		};
		D0FE7F6B1EDEFC91003E0162 /* Sources */ = {
			isa = PBXSourcesBuildPhase;
			buildActionMask = 2147483647;
			files = (
				D0FE7F741EDEFC91003E0162 /* CopyAndMutableCopyUITests.m in Sources */,
			);
			runOnlyForDeploymentPostprocessing = 0;
		};
/* End PBXSourcesBuildPhase section */

/* Begin PBXTargetDependency section */
		D0FE7F661EDEFC91003E0162 /* PBXTargetDependency */ = {
			isa = PBXTargetDependency;
			target = D0FE7F4A1EDEFC91003E0162 /* CopyAndMutableCopy */;
			targetProxy = D0FE7F651EDEFC91003E0162 /* PBXContainerItemProxy */;
		};
		D0FE7F711EDEFC91003E0162 /* PBXTargetDependency */ = {
			isa = PBXTargetDependency;
			target = D0FE7F4A1EDEFC91003E0162 /* CopyAndMutableCopy */;
			targetProxy = D0FE7F701EDEFC91003E0162 /* PBXContainerItemProxy */;
		};
/* End PBXTargetDependency section */

/* Begin PBXVariantGroup section */
		D0FE7F571EDEFC91003E0162 /* Main.storyboard */ = {
			isa = PBXVariantGroup;
			children = (
				D0FE7F581EDEFC91003E0162 /* Base */,
			);
			name = Main.storyboard;
			sourceTree = "<group>";
		};
		D0FE7F5C1EDEFC91003E0162 /* LaunchScreen.storyboard */ = {
			isa = PBXVariantGroup;
			children = (
				D0FE7F5D1EDEFC91003E0162 /* Base */,
			);
			name = LaunchScreen.storyboard;
			sourceTree = "<group>";
		};
/* End PBXVariantGroup section */

/* Begin XCBuildConfiguration section */
		D0FE7F761EDEFC91003E0162 /* Debug */ = {
			isa = XCBuildConfiguration;
			buildSettings = {
				ALWAYS_SEARCH_USER_PATHS = NO;
				CLANG_ANALYZER_NONNULL = YES;
				CLANG_ANALYZER_NUMBER_OBJECT_CONVERSION = YES_AGGRESSIVE;
				CLANG_CXX_LANGUAGE_STANDARD = "gnu++0x";
				CLANG_CXX_LIBRARY = "libc++";
				CLANG_ENABLE_MODULES = YES;
				CLANG_ENABLE_OBJC_ARC = YES;
				CLANG_WARN_BOOL_CONVERSION = YES;
				CLANG_WARN_CONSTANT_CONVERSION = YES;
				CLANG_WARN_DIRECT_OBJC_ISA_USAGE = YES_ERROR;
				CLANG_WARN_DOCUMENTATION_COMMENTS = YES;
				CLANG_WARN_EMPTY_BODY = YES;
				CLANG_WARN_ENUM_CONVERSION = YES;
				CLANG_WARN_INFINITE_RECURSION = YES;
				CLANG_WARN_INT_CONVERSION = YES;
				CLANG_WARN_OBJC_ROOT_CLASS = YES_ERROR;
				CLANG_WARN_SUSPICIOUS_MOVE = YES;
				CLANG_WARN_UNREACHABLE_CODE = YES;
				CLANG_WARN__DUPLICATE_METHOD_MATCH = YES;
				"CODE_SIGN_IDENTITY[sdk=iphoneos*]" = "iPhone Developer";
				COPY_PHASE_STRIP = NO;
				DEBUG_INFORMATION_FORMAT = dwarf;
				ENABLE_STRICT_OBJC_MSGSEND = YES;
				ENABLE_TESTABILITY = YES;
				GCC_C_LANGUAGE_STANDARD = gnu99;
				GCC_DYNAMIC_NO_PIC = NO;
				GCC_NO_COMMON_BLOCKS = YES;
				GCC_OPTIMIZATION_LEVEL = 0;
				GCC_PREPROCESSOR_DEFINITIONS = (
					"DEBUG=1",
					"$(inherited)",
				);
				GCC_WARN_64_TO_32_BIT_CONVERSION = YES;
				GCC_WARN_ABOUT_RETURN_TYPE = YES_ERROR;
				GCC_WARN_UNDECLARED_SELECTOR = YES;
				GCC_WARN_UNINITIALIZED_AUTOS = YES_AGGRESSIVE;
				GCC_WARN_UNUSED_FUNCTION = YES;
				GCC_WARN_UNUSED_VARIABLE = YES;
				IPHONEOS_DEPLOYMENT_TARGET = 10.3;
				MTL_ENABLE_DEBUG_INFO = YES;
				ONLY_ACTIVE_ARCH = YES;
				SDKROOT = iphoneos;
			};
			name = Debug;
		};
		D0FE7F771EDEFC91003E0162 /* Release */ = {
			isa = XCBuildConfiguration;
			buildSettings = {
				ALWAYS_SEARCH_USER_PATHS = NO;
				CLANG_ANALYZER_NONNULL = YES;
				CLANG_ANALYZER_NUMBER_OBJECT_CONVERSION = YES_AGGRESSIVE;
				CLANG_CXX_LANGUAGE_STANDARD = "gnu++0x";
				CLANG_CXX_LIBRARY = "libc++";
				CLANG_ENABLE_MODULES = YES;
				CLANG_ENABLE_OBJC_ARC = YES;
				CLANG_WARN_BOOL_CONVERSION = YES;
				CLANG_WARN_CONSTANT_CONVERSION = YES;
				CLANG_WARN_DIRECT_OBJC_ISA_USAGE = YES_ERROR;
				CLANG_WARN_DOCUMENTATION_COMMENTS = YES;
				CLANG_WARN_EMPTY_BODY = YES;
				CLANG_WARN_ENUM_CONVERSION = YES;
				CLANG_WARN_INFINITE_RECURSION = YES;
				CLANG_WARN_INT_CONVERSION = YES;
				CLANG_WARN_OBJC_ROOT_CLASS = YES_ERROR;
				CLANG_WARN_SUSPICIOUS_MOVE = YES;
				CLANG_WARN_UNREACHABLE_CODE = YES;
				CLANG_WARN__DUPLICATE_METHOD_MATCH = YES;
				"CODE_SIGN_IDENTITY[sdk=iphoneos*]" = "iPhone Developer";
				COPY_PHASE_STRIP = NO;
				DEBUG_INFORMATION_FORMAT = "dwarf-with-dsym";
				ENABLE_NS_ASSERTIONS = NO;
				ENABLE_STRICT_OBJC_MSGSEND = YES;
				GCC_C_LANGUAGE_STANDARD = gnu99;
				GCC_NO_COMMON_BLOCKS = YES;
				GCC_WARN_64_TO_32_BIT_CONVERSION = YES;
				GCC_WARN_ABOUT_RETURN_TYPE = YES_ERROR;
				GCC_WARN_UNDECLARED_SELECTOR = YES;
				GCC_WARN_UNINITIALIZED_AUTOS = YES_AGGRESSIVE;
				GCC_WARN_UNUSED_FUNCTION = YES;
				GCC_WARN_UNUSED_VARIABLE = YES;
				IPHONEOS_DEPLOYMENT_TARGET = 10.3;
				MTL_ENABLE_DEBUG_INFO = NO;
				SDKROOT = iphoneos;
				VALIDATE_PRODUCT = YES;
			};
			name = Release;
		};
		D0FE7F791EDEFC91003E0162 /* Debug */ = {
			isa = XCBuildConfiguration;
			buildSettings = {
				ASSETCATALOG_COMPILER_APPICON_NAME = AppIcon;
				DEVELOPMENT_TEAM = BHMTDV8FP6;
				INFOPLIST_FILE = CopyAndMutableCopy/Info.plist;
				LD_RUNPATH_SEARCH_PATHS = "$(inherited) @executable_path/Frameworks";
				PRODUCT_BUNDLE_IDENTIFIER = com.myself.CopyAndMutableCopy;
				PRODUCT_NAME = "$(TARGET_NAME)";
			};
			name = Debug;
		};
		D0FE7F7A1EDEFC91003E0162 /* Release */ = {
			isa = XCBuildConfiguration;
			buildSettings = {
				ASSETCATALOG_COMPILER_APPICON_NAME = AppIcon;
				DEVELOPMENT_TEAM = BHMTDV8FP6;
				INFOPLIST_FILE = CopyAndMutableCopy/Info.plist;
				LD_RUNPATH_SEARCH_PATHS = "$(inherited) @executable_path/Frameworks";
				PRODUCT_BUNDLE_IDENTIFIER = com.myself.CopyAndMutableCopy;
				PRODUCT_NAME = "$(TARGET_NAME)";
			};
			name = Release;
		};
		D0FE7F7C1EDEFC91003E0162 /* Debug */ = {
			isa = XCBuildConfiguration;
			buildSettings = {
				BUNDLE_LOADER = "$(TEST_HOST)";
				DEVELOPMENT_TEAM = BHMTDV8FP6;
				INFOPLIST_FILE = CopyAndMutableCopyTests/Info.plist;
				LD_RUNPATH_SEARCH_PATHS = "$(inherited) @executable_path/Frameworks @loader_path/Frameworks";
				PRODUCT_BUNDLE_IDENTIFIER = com.myself.CopyAndMutableCopyTests;
				PRODUCT_NAME = "$(TARGET_NAME)";
				TEST_HOST = "$(BUILT_PRODUCTS_DIR)/CopyAndMutableCopy.app/CopyAndMutableCopy";
			};
			name = Debug;
		};
		D0FE7F7D1EDEFC91003E0162 /* Release */ = {
			isa = XCBuildConfiguration;
			buildSettings = {
				BUNDLE_LOADER = "$(TEST_HOST)";
				DEVELOPMENT_TEAM = BHMTDV8FP6;
				INFOPLIST_FILE = CopyAndMutableCopyTests/Info.plist;
				LD_RUNPATH_SEARCH_PATHS = "$(inherited) @executable_path/Frameworks @loader_path/Frameworks";
				PRODUCT_BUNDLE_IDENTIFIER = com.myself.CopyAndMutableCopyTests;
				PRODUCT_NAME = "$(TARGET_NAME)";
				TEST_HOST = "$(BUILT_PRODUCTS_DIR)/CopyAndMutableCopy.app/CopyAndMutableCopy";
			};
			name = Release;
		};
		D0FE7F7F1EDEFC91003E0162 /* Debug */ = {
			isa = XCBuildConfiguration;
			buildSettings = {
				DEVELOPMENT_TEAM = BHMTDV8FP6;
				INFOPLIST_FILE = CopyAndMutableCopyUITests/Info.plist;
				LD_RUNPATH_SEARCH_PATHS = "$(inherited) @executable_path/Frameworks @loader_path/Frameworks";
				PRODUCT_BUNDLE_IDENTIFIER = com.myself.CopyAndMutableCopyUITests;
				PRODUCT_NAME = "$(TARGET_NAME)";
				TEST_TARGET_NAME = CopyAndMutableCopy;
			};
			name = Debug;
		};
		D0FE7F801EDEFC91003E0162 /* Release */ = {
			isa = XCBuildConfiguration;
			buildSettings = {
				DEVELOPMENT_TEAM = BHMTDV8FP6;
				INFOPLIST_FILE = CopyAndMutableCopyUITests/Info.plist;
				LD_RUNPATH_SEARCH_PATHS = "$(inherited) @executable_path/Frameworks @loader_path/Frameworks";
				PRODUCT_BUNDLE_IDENTIFIER = com.myself.CopyAndMutableCopyUITests;
				PRODUCT_NAME = "$(TARGET_NAME)";
				TEST_TARGET_NAME = CopyAndMutableCopy;
			};
			name = Release;
		};
/* End XCBuildConfiguration section */

/* Begin XCConfigurationList section */
		D0FE7F461EDEFC91003E0162 /* Build configuration list for PBXProject "CopyAndMutableCopy" */ = {
			isa = XCConfigurationList;
			buildConfigurations = (
				D0FE7F761EDEFC91003E0162 /* Debug */,
				D0FE7F771EDEFC91003E0162 /* Release */,
			);
			defaultConfigurationIsVisible = 0;
			defaultConfigurationName = Release;
		};
		D0FE7F781EDEFC91003E0162 /* Build configuration list for PBXNativeTarget "CopyAndMutableCopy" */ = {
			isa = XCConfigurationList;
			buildConfigurations = (
				D0FE7F791EDEFC91003E0162 /* Debug */,
				D0FE7F7A1EDEFC91003E0162 /* Release */,
			);
			defaultConfigurationIsVisible = 0;
		};
		D0FE7F7B1EDEFC91003E0162 /* Build configuration list for PBXNativeTarget "CopyAndMutableCopyTests" */ = {
			isa = XCConfigurationList;
			buildConfigurations = (
				D0FE7F7C1EDEFC91003E0162 /* Debug */,
				D0FE7F7D1EDEFC91003E0162 /* Release */,
			);
			defaultConfigurationIsVisible = 0;
		};
		D0FE7F7E1EDEFC91003E0162 /* Build configuration list for PBXNativeTarget "CopyAndMutableCopyUITests" */ = {
			isa = XCConfigurationList;
			buildConfigurations = (
				D0FE7F7F1EDEFC91003E0162 /* Debug */,
				D0FE7F801EDEFC91003E0162 /* Release */,
			);
			defaultConfigurationIsVisible = 0;
		};
/* End XCConfigurationList section */
	};
	rootObject = D0FE7F431EDEFC91003E0162 /* Project object */;
}
